
Microsoft Visual Studio Solution File, Format Version 12.00
# Visual Studio Version 16
VisualStudioVersion = 16.0.29709.97
MinimumVisualStudioVersion = 10.0.40219.1
Project("{FAE04EC0-301F-11D3-BF4B-00C04F79EFBC}") = "UsePathBaseProblem", "UsePathBaseProblem\UsePathBaseProblem.csproj", "{9CBF278C-3D2F-4092-894A-EC22D4BAB24B}"
EndProject
Global
	GlobalSection(SolutionConfigurationPlatforms) = preSolution
		Debug|Any CPU = Debug|Any CPU
		Release|Any CPU = Release|Any CPU
	EndGlobalSection
	GlobalSection(ProjectConfigurationPlatforms) = postSolution
		{9CBF278C-3D2F-4092-894A-EC22D4BAB24B}.Debug|Any CPU.ActiveCfg = Debug|Any CPU
		{9CBF278C-3D2F-4092-894A-EC22D4BAB24B}.Debug|Any CPU.Build.0 = Debug|Any CPU
		{9CBF278C-3D2F-4092-894A-EC22D4BAB24B}.Release|Any CPU.ActiveCfg = Release|Any CPU
		{9CBF278C-3D2F-4092-894A-EC22D4BAB24B}.Release|Any CPU.Build.0 = Release|Any CPU
	EndGlobalSection
	GlobalSection(SolutionProperties) = preSolution
		HideSolutionNode = FALSE
	EndGlobalSection
	GlobalSection(ExtensibilityGlobals) = postSolution
		SolutionGuid = {77845573-3D8C-4F44-885F-146293CE13BB}
	EndGlobalSection
EndGlobal
